// !$*UTF8*$!
{
	archiveVersion = 1;
	classes = {
	};
	objectVersion = 77;
	objects = {

/* Begin PBXBuildFile section */
		0AB89BB42F01B25E00C32D31 /* GameController.framework in Frameworks */ = {isa = PBXBuildFile; fileRef = 0AB89BB32F01B25D00C32D31 /* GameController.framework */; };
		0AB89BB62F01B26300C32D31 /* Carbon.framework in Frameworks */ = {isa = PBXBuildFile; fileRef = 0AB89BB52F01B26300C32D31 /* Carbon.framework */; };
/* End PBXBuildFile section */

/* Begin PBXContainerItemProxy section */
		0AB89B6C2F01B1D400C32D31 /* PBXContainerItemProxy */ = {
			isa = PBXContainerItemProxy;
			containerPortal = 0AB89B562F01B1D200C32D31 /* Project object */;
			proxyType = 1;
			remoteGlobalIDString = 0AB89B5D2F01B1D200C32D31;
			remoteInfo = XboxControllerMapper;
		};
		0AB89B762F01B1D400C32D31 /* PBXContainerItemProxy */ = {
			isa = PBXContainerItemProxy;
			containerPortal = 0AB89B562F01B1D200C32D31 /* Project object */;
			proxyType = 1;
			remoteGlobalIDString = 0AB89B5D2F01B1D200C32D31;
			remoteInfo = XboxControllerMapper;
		};
/* End PBXContainerItemProxy section */

/* Begin PBXFileReference section */
		0AB89B5E2F01B1D200C32D31 /* ControllerKeys.app */ = {isa = PBXFileReference; explicitFileType = wrapper.application; includeInIndex = 0; path = ControllerKeys.app; sourceTree = BUILT_PRODUCTS_DIR; };
		0AB89B6B2F01B1D400C32D31 /* XboxControllerMapperTests.xctest */ = {isa = PBXFileReference; explicitFileType = wrapper.cfbundle; includeInIndex = 0; path = XboxControllerMapperTests.xctest; sourceTree = BUILT_PRODUCTS_DIR; };
		0AB89B752F01B1D400C32D31 /* XboxControllerMapperUITests.xctest */ = {isa = PBXFileReference; explicitFileType = wrapper.cfbundle; includeInIndex = 0; path = XboxControllerMapperUITests.xctest; sourceTree = BUILT_PRODUCTS_DIR; };
		0AB89BB32F01B25D00C32D31 /* GameController.framework */ = {isa = PBXFileReference; lastKnownFileType = wrapper.framework; name = GameController.framework; path = System/Library/Frameworks/GameController.framework; sourceTree = SDKROOT; };
		0AB89BB52F01B26300C32D31 /* Carbon.framework */ = {isa = PBXFileReference; lastKnownFileType = wrapper.framework; name = Carbon.framework; path = System/Library/Frameworks/Carbon.framework; sourceTree = SDKROOT; };
/* End PBXFileReference section */

/* Begin PBXFileSystemSynchronizedBuildFileExceptionSet section */
		0A8926052F1845DA00E6F0F5 /* Exceptions for "XboxControllerMapper" folder in "XboxControllerMapper" target */ = {
			isa = PBXFileSystemSynchronizedBuildFileExceptionSet;
			membershipExceptions = (
				Info.plist,
			);
			target = 0AB89B5D2F01B1D200C32D31 /* XboxControllerMapper */;
		};
/* End PBXFileSystemSynchronizedBuildFileExceptionSet section */

/* Begin PBXFileSystemSynchronizedRootGroup section */
		0AB89B602F01B1D200C32D31 /* XboxControllerMapper */ = {
			isa = PBXFileSystemSynchronizedRootGroup;
			exceptions = (
				0A8926052F1845DA00E6F0F5 /* Exceptions for "XboxControllerMapper" folder in "XboxControllerMapper" target */,
			);
			path = XboxControllerMapper;
			sourceTree = "<group>";
		};
		0AB89B6E2F01B1D400C32D31 /* XboxControllerMapperTests */ = {
			isa = PBXFileSystemSynchronizedRootGroup;
			path = XboxControllerMapperTests;
			sourceTree = "<group>";
		};
		0AB89B782F01B1D400C32D31 /* XboxControllerMapperUITests */ = {
			isa = PBXFileSystemSynchronizedRootGroup;
			path = XboxControllerMapperUITests;
			sourceTree = "<group>";
		};
/* End PBXFileSystemSynchronizedRootGroup section */

/* Begin PBXFrameworksBuildPhase section */
		0AB89B5B2F01B1D200C32D31 /* Frameworks */ = {
			isa = PBXFrameworksBuildPhase;
			buildActionMask = 2147483647;
			files = (
				0AB89BB42F01B25E00C32D31 /* GameController.framework in Frameworks */,
				0AB89BB62F01B26300C32D31 /* Carbon.framework in Frameworks */,
			);
			runOnlyForDeploymentPostprocessing = 0;
		};
		0AB89B682F01B1D400C32D31 /* Frameworks */ = {
			isa = PBXFrameworksBuildPhase;
			buildActionMask = 2147483647;
			files = (
			);
			runOnlyForDeploymentPostprocessing = 0;
		};
		0AB89B722F01B1D400C32D31 /* Frameworks */ = {
			isa = PBXFrameworksBuildPhase;
			buildActionMask = 2147483647;
			files = (
			);
			runOnlyForDeploymentPostprocessing = 0;
		};
/* End PBXFrameworksBuildPhase section */

/* Begin PBXGroup section */
		0AB89B552F01B1D200C32D31 = {
			isa = PBXGroup;
			children = (
				0AB89B602F01B1D200C32D31 /* XboxControllerMapper */,
				0AB89B6E2F01B1D400C32D31 /* XboxControllerMapperTests */,
				0AB89B782F01B1D400C32D31 /* XboxControllerMapperUITests */,
				0AB89BB22F01B25D00C32D31 /* Frameworks */,
				0AB89B5F2F01B1D200C32D31 /* Products */,
			);
			sourceTree = "<group>";
		};
		0AB89B5F2F01B1D200C32D31 /* Products */ = {
			isa = PBXGroup;
			children = (
				0AB89B5E2F01B1D200C32D31 /* ControllerKeys.app */,
				0AB89B6B2F01B1D400C32D31 /* XboxControllerMapperTests.xctest */,
				0AB89B752F01B1D400C32D31 /* XboxControllerMapperUITests.xctest */,
			);
			name = Products;
			sourceTree = "<group>";
		};
		0AB89BB22F01B25D00C32D31 /* Frameworks */ = {
			isa = PBXGroup;
			children = (
				0AB89BB52F01B26300C32D31 /* Carbon.framework */,
				0AB89BB32F01B25D00C32D31 /* GameController.framework */,
			);
			name = Frameworks;
			sourceTree = "<group>";
		};
/* End PBXGroup section */

/* Begin PBXNativeTarget section */
		0AB89B5D2F01B1D200C32D31 /* XboxControllerMapper */ = {
			isa = PBXNativeTarget;
			buildConfigurationList = 0AB89B7F2F01B1D400C32D31 /* Build configuration list for PBXNativeTarget "XboxControllerMapper" */;
			buildPhases = (
				0AB89B5A2F01B1D200C32D31 /* Sources */,
				0AB89B5B2F01B1D200C32D31 /* Frameworks */,
				0AB89B5C2F01B1D200C32D31 /* Resources */,
			);
			buildRules = (
			);
			dependencies = (
			);
			fileSystemSynchronizedGroups = (
				0AB89B602F01B1D200C32D31 /* XboxControllerMapper */,
			);
			name = XboxControllerMapper;
			packageProductDependencies = (
			);
			productName = XboxControllerMapper;
			productReference = 0AB89B5E2F01B1D200C32D31 /* ControllerKeys.app */;
			productType = "com.apple.product-type.application";
		};
		0AB89B6A2F01B1D400C32D31 /* XboxControllerMapperTests */ = {
			isa = PBXNativeTarget;
			buildConfigurationList = 0AB89B822F01B1D400C32D31 /* Build configuration list for PBXNativeTarget "XboxControllerMapperTests" */;
			buildPhases = (
				0AB89B672F01B1D400C32D31 /* Sources */,
				0AB89B682F01B1D400C32D31 /* Frameworks */,
				0AB89B692F01B1D400C32D31 /* Resources */,
			);
			buildRules = (
			);
			dependencies = (
				0AB89B6D2F01B1D400C32D31 /* PBXTargetDependency */,
			);
			fileSystemSynchronizedGroups = (
				0AB89B6E2F01B1D400C32D31 /* XboxControllerMapperTests */,
			);
			name = XboxControllerMapperTests;
			packageProductDependencies = (
			);
			productName = XboxControllerMapperTests;
			productReference = 0AB89B6B2F01B1D400C32D31 /* XboxControllerMapperTests.xctest */;
			productType = "com.apple.product-type.bundle.unit-test";
		};
		0AB89B742F01B1D400C32D31 /* XboxControllerMapperUITests */ = {
			isa = PBXNativeTarget;
			buildConfigurationList = 0AB89B852F01B1D400C32D31 /* Build configuration list for PBXNativeTarget "XboxControllerMapperUITests" */;
			buildPhases = (
				0AB89B712F01B1D400C32D31 /* Sources */,
				0AB89B722F01B1D400C32D31 /* Frameworks */,
				0AB89B732F01B1D400C32D31 /* Resources */,
			);
			buildRules = (
			);
			dependencies = (
				0AB89B772F01B1D400C32D31 /* PBXTargetDependency */,
			);
			fileSystemSynchronizedGroups = (
				0AB89B782F01B1D400C32D31 /* XboxControllerMapperUITests */,
			);
			name = XboxControllerMapperUITests;
			packageProductDependencies = (
			);
			productName = XboxControllerMapperUITests;
			productReference = 0AB89B752F01B1D400C32D31 /* XboxControllerMapperUITests.xctest */;
			productType = "com.apple.product-type.bundle.ui-testing";
		};
/* End PBXNativeTarget section */

/* Begin PBXProject section */
		0AB89B562F01B1D200C32D31 /* Project object */ = {
			isa = PBXProject;
			attributes = {
				BuildIndependentTargetsInParallel = 1;
				LastSwiftUpdateCheck = 2610;
				LastUpgradeCheck = 2620;
				TargetAttributes = {
					0AB89B5D2F01B1D200C32D31 = {
						CreatedOnToolsVersion = 26.1.1;
					};
					0AB89B6A2F01B1D400C32D31 = {
						CreatedOnToolsVersion = 26.1.1;
						TestTargetID = 0AB89B5D2F01B1D200C32D31;
					};
					0AB89B742F01B1D400C32D31 = {
						CreatedOnToolsVersion = 26.1.1;
						TestTargetID = 0AB89B5D2F01B1D200C32D31;
					};
				};
			};
			buildConfigurationList = 0AB89B592F01B1D200C32D31 /* Build configuration list for PBXProject "XboxControllerMapper" */;
			developmentRegion = en;
			hasScannedForEncodings = 0;
			knownRegions = (
				en,
				Base,
				"zh-Hans",
			);
			mainGroup = 0AB89B552F01B1D200C32D31;
			minimizedProjectReferenceProxies = 1;
			preferredProjectObjectVersion = 77;
			productRefGroup = 0AB89B5F2F01B1D200C32D31 /* Products */;
			projectDirPath = "";
			projectRoot = "";
			targets = (
				0AB89B5D2F01B1D200C32D31 /* XboxControllerMapper */,
				0AB89B6A2F01B1D400C32D31 /* XboxControllerMapperTests */,
				0AB89B742F01B1D400C32D31 /* XboxControllerMapperUITests */,
			);
		};
/* End PBXProject section */

/* Begin PBXResourcesBuildPhase section */
		0AB89B5C2F01B1D200C32D31 /* Resources */ = {
			isa = PBXResourcesBuildPhase;
			buildActionMask = 2147483647;
			files = (
			);
			runOnlyForDeploymentPostprocessing = 0;
		};
		0AB89B692F01B1D400C32D31 /* Resources */ = {
			isa = PBXResourcesBuildPhase;
			buildActionMask = 2147483647;
			files = (
			);
			runOnlyForDeploymentPostprocessing = 0;
		};
		0AB89B732F01B1D400C32D31 /* Resources */ = {
			isa = PBXResourcesBuildPhase;
			buildActionMask = 2147483647;
			files = (
			);
			runOnlyForDeploymentPostprocessing = 0;
		};
/* End PBXResourcesBuildPhase section */

/* Begin PBXSourcesBuildPhase section */
		0AB89B5A2F01B1D200C32D31 /* Sources */ = {
			isa = PBXSourcesBuildPhase;
			buildActionMask = 2147483647;
			files = (
			);
			runOnlyForDeploymentPostprocessing = 0;
		};
		0AB89B672F01B1D400C32D31 /* Sources */ = {
			isa = PBXSourcesBuildPhase;
			buildActionMask = 2147483647;
			files = (
			);
			runOnlyForDeploymentPostprocessing = 0;
		};
		0AB89B712F01B1D400C32D31 /* Sources */ = {
			isa = PBXSourcesBuildPhase;
			buildActionMask = 2147483647;
			files = (
			);
			runOnlyForDeploymentPostprocessing = 0;
		};
/* End PBXSourcesBuildPhase section */

/* Begin PBXTargetDependency section */
		0AB89B6D2F01B1D400C32D31 /* PBXTargetDependency */ = {
			isa = PBXTargetDependency;
			target = 0AB89B5D2F01B1D200C32D31 /* XboxControllerMapper */;
			targetProxy = 0AB89B6C2F01B1D400C32D31 /* PBXContainerItemProxy */;
		};
		0AB89B772F01B1D400C32D31 /* PBXTargetDependency */ = {
			isa = PBXTargetDependency;
			target = 0AB89B5D2F01B1D200C32D31 /* XboxControllerMapper */;
			targetProxy = 0AB89B762F01B1D400C32D31 /* PBXContainerItemProxy */;
		};
/* End PBXTargetDependency section */

/* Begin XCBuildConfiguration section */
		0AB89B7D2F01B1D400C32D31 /* Debug */ = {
			isa = XCBuildConfiguration;
			buildSettings = {
				ALWAYS_SEARCH_USER_PATHS = NO;
				ASSETCATALOG_COMPILER_GENERATE_SWIFT_ASSET_SYMBOL_EXTENSIONS = YES;
				CLANG_ANALYZER_NONNULL = YES;
				CLANG_ANALYZER_NUMBER_OBJECT_CONVERSION = YES_AGGRESSIVE;
				CLANG_CXX_LANGUAGE_STANDARD = "gnu++20";
				CLANG_ENABLE_MODULES = YES;
				CLANG_ENABLE_OBJC_ARC = YES;
				CLANG_ENABLE_OBJC_WEAK = YES;
				CLANG_WARN_BLOCK_CAPTURE_AUTORELEASING = YES;
				CLANG_WARN_BOOL_CONVERSION = YES;
				CLANG_WARN_COMMA = YES;
				CLANG_WARN_CONSTANT_CONVERSION = YES;
				CLANG_WARN_DEPRECATED_OBJC_IMPLEMENTATIONS = YES;
				CLANG_WARN_DIRECT_OBJC_ISA_USAGE = YES_ERROR;
				CLANG_WARN_DOCUMENTATION_COMMENTS = YES;
				CLANG_WARN_EMPTY_BODY = YES;
				CLANG_WARN_ENUM_CONVERSION = YES;
				CLANG_WARN_INFINITE_RECURSION = YES;
				CLANG_WARN_INT_CONVERSION = YES;
				CLANG_WARN_NON_LITERAL_NULL_CONVERSION = YES;
				CLANG_WARN_OBJC_IMPLICIT_RETAIN_SELF = YES;
				CLANG_WARN_OBJC_LITERAL_CONVERSION = YES;
				CLANG_WARN_OBJC_ROOT_CLASS = YES_ERROR;
				CLANG_WARN_QUOTED_INCLUDE_IN_FRAMEWORK_HEADER = YES;
				CLANG_WARN_RANGE_LOOP_ANALYSIS = YES;
				CLANG_WARN_STRICT_PROTOTYPES = YES;
				CLANG_WARN_SUSPICIOUS_MOVE = YES;
				CLANG_WARN_UNGUARDED_AVAILABILITY = YES_AGGRESSIVE;
				CLANG_WARN_UNREACHABLE_CODE = YES;
				CLANG_WARN__DUPLICATE_METHOD_MATCH = YES;
				CODE_SIGN_ENTITLEMENTS = XboxControllerMapper/XboxControllerMapper.entitlements;
				COPY_PHASE_STRIP = NO;
				DEAD_CODE_STRIPPING = YES;
				DEBUG_INFORMATION_FORMAT = dwarf;
				DEVELOPMENT_TEAM = 542GXYT5Z2;
				ENABLE_STRICT_OBJC_MSGSEND = YES;
				ENABLE_TESTABILITY = YES;
				ENABLE_USER_SCRIPT_SANDBOXING = YES;
				GCC_C_LANGUAGE_STANDARD = gnu17;
				GCC_DYNAMIC_NO_PIC = NO;
				GCC_NO_COMMON_BLOCKS = YES;
				GCC_OPTIMIZATION_LEVEL = 0;
				GCC_PREPROCESSOR_DEFINITIONS = (
					"DEBUG=1",
					"$(inherited)",
				);
				GCC_WARN_64_TO_32_BIT_CONVERSION = YES;
				GCC_WARN_ABOUT_RETURN_TYPE = YES_ERROR;
				GCC_WARN_UNDECLARED_SELECTOR = YES;
				GCC_WARN_UNINITIALIZED_AUTOS = YES_AGGRESSIVE;
				GCC_WARN_UNUSED_FUNCTION = YES;
				GCC_WARN_UNUSED_VARIABLE = YES;
				LOCALIZATION_PREFERS_STRING_CATALOGS = YES;
				MACOSX_DEPLOYMENT_TARGET = 26.1;
				MTL_ENABLE_DEBUG_INFO = INCLUDE_SOURCE;
				MTL_FAST_MATH = YES;
				ONLY_ACTIVE_ARCH = YES;
				SDKROOT = macosx;
				SWIFT_ACTIVE_COMPILATION_CONDITIONS = "DEBUG $(inherited)";
				SWIFT_OPTIMIZATION_LEVEL = "-Onone";
			};
			name = Debug;
		};
		0AB89B7E2F01B1D400C32D31 /* Release */ = {
			isa = XCBuildConfiguration;
			buildSettings = {
				ALWAYS_SEARCH_USER_PATHS = NO;
				ASSETCATALOG_COMPILER_GENERATE_SWIFT_ASSET_SYMBOL_EXTENSIONS = YES;
				CLANG_ANALYZER_NONNULL = YES;
				CLANG_ANALYZER_NUMBER_OBJECT_CONVERSION = YES_AGGRESSIVE;
				CLANG_CXX_LANGUAGE_STANDARD = "gnu++20";
				CLANG_ENABLE_MODULES = YES;
				CLANG_ENABLE_OBJC_ARC = YES;
				CLANG_ENABLE_OBJC_WEAK = YES;
				CLANG_WARN_BLOCK_CAPTURE_AUTORELEASING = YES;
				CLANG_WARN_BOOL_CONVERSION = YES;
				CLANG_WARN_COMMA = YES;
				CLANG_WARN_CONSTANT_CONVERSION = YES;
				CLANG_WARN_DEPRECATED_OBJC_IMPLEMENTATIONS = YES;
				CLANG_WARN_DIRECT_OBJC_ISA_USAGE = YES_ERROR;
				CLANG_WARN_DOCUMENTATION_COMMENTS = YES;
				CLANG_WARN_EMPTY_BODY = YES;
				CLANG_WARN_ENUM_CONVERSION = YES;
				CLANG_WARN_INFINITE_RECURSION = YES;
				CLANG_WARN_INT_CONVERSION = YES;
				CLANG_WARN_NON_LITERAL_NULL_CONVERSION = YES;
				CLANG_WARN_OBJC_IMPLICIT_RETAIN_SELF = YES;
				CLANG_WARN_OBJC_LITERAL_CONVERSION = YES;
				CLANG_WARN_OBJC_ROOT_CLASS = YES_ERROR;
				CLANG_WARN_QUOTED_INCLUDE_IN_FRAMEWORK_HEADER = YES;
				CLANG_WARN_RANGE_LOOP_ANALYSIS = YES;
				CLANG_WARN_STRICT_PROTOTYPES = YES;
				CLANG_WARN_SUSPICIOUS_MOVE = YES;
				CLANG_WARN_UNGUARDED_AVAILABILITY = YES_AGGRESSIVE;
				CLANG_WARN_UNREACHABLE_CODE = YES;
				CLANG_WARN__DUPLICATE_METHOD_MATCH = YES;
				CODE_SIGN_ENTITLEMENTS = XboxControllerMapper/XboxControllerMapper.entitlements;
				COPY_PHASE_STRIP = NO;
				DEAD_CODE_STRIPPING = YES;
				DEBUG_INFORMATION_FORMAT = "dwarf-with-dsym";
				DEVELOPMENT_TEAM = 542GXYT5Z2;
				ENABLE_NS_ASSERTIONS = NO;
				ENABLE_STRICT_OBJC_MSGSEND = YES;
				ENABLE_USER_SCRIPT_SANDBOXING = YES;
				GCC_C_LANGUAGE_STANDARD = gnu17;
				GCC_NO_COMMON_BLOCKS = YES;
				GCC_WARN_64_TO_32_BIT_CONVERSION = YES;
				GCC_WARN_ABOUT_RETURN_TYPE = YES_ERROR;
				GCC_WARN_UNDECLARED_SELECTOR = YES;
				GCC_WARN_UNINITIALIZED_AUTOS = YES_AGGRESSIVE;
				GCC_WARN_UNUSED_FUNCTION = YES;
				GCC_WARN_UNUSED_VARIABLE = YES;
				LOCALIZATION_PREFERS_STRING_CATALOGS = YES;
				MACOSX_DEPLOYMENT_TARGET = 26.1;
				MTL_ENABLE_DEBUG_INFO = NO;
				MTL_FAST_MATH = YES;
				SDKROOT = macosx;
				SWIFT_COMPILATION_MODE = wholemodule;
			};
			name = Release;
		};
		0AB89B802F01B1D400C32D31 /* Debug */ = {
			isa = XCBuildConfiguration;
			buildSettings = {
				ASSETCATALOG_COMPILER_APPICON_NAME = AppIcon;
				ASSETCATALOG_COMPILER_GLOBAL_ACCENT_COLOR_NAME = AccentColor;
				ASSETCATALOG_COMPILER_INCLUDE_ALL_APPICON_ASSETS = YES;
				AUTOMATION_APPLE_EVENTS = NO;
				CODE_SIGN_STYLE = Automatic;
				COMBINE_HIDPI_IMAGES = YES;
				CURRENT_PROJECT_VERSION = 1;
				DEAD_CODE_STRIPPING = YES;
				DEVELOPMENT_TEAM = 542GXYT5Z2;
				ENABLE_APP_SANDBOX = NO;
				ENABLE_HARDENED_RUNTIME = NO;
				ENABLE_PREVIEWS = YES;
				ENABLE_RESOURCE_ACCESS_AUDIO_INPUT = NO;
				ENABLE_RESOURCE_ACCESS_CALENDARS = NO;
				ENABLE_RESOURCE_ACCESS_CAMERA = NO;
				ENABLE_RESOURCE_ACCESS_CONTACTS = NO;
				ENABLE_RESOURCE_ACCESS_LOCATION = NO;
				ENABLE_RESOURCE_ACCESS_PHOTO_LIBRARY = NO;
				GENERATE_INFOPLIST_FILE = YES;
				INFOPLIST_FILE = XboxControllerMapper/Info.plist;
				INFOPLIST_KEY_CFBundleDisplayName = ControllerKeys;
				INFOPLIST_KEY_GCSupportsControllerUserInteraction = YES;
				INFOPLIST_KEY_NSHumanReadableCopyright = "";
				LD_RUNPATH_SEARCH_PATHS = (
					"$(inherited)",
					"@executable_path/../Frameworks",
				);
				MACOSX_DEPLOYMENT_TARGET = 14.6;
				MARKETING_VERSION = 1.0;
				PRODUCT_BUNDLE_IDENTIFIER = KevinTang.XboxControllerMapper;
				PRODUCT_NAME = ControllerKeys;
				REGISTER_APP_GROUPS = YES;
				RUNTIME_EXCEPTION_ALLOW_DYLD_ENVIRONMENT_VARIABLES = NO;
				RUNTIME_EXCEPTION_ALLOW_JIT = NO;
				RUNTIME_EXCEPTION_ALLOW_UNSIGNED_EXECUTABLE_MEMORY = NO;
				RUNTIME_EXCEPTION_DEBUGGING_TOOL = NO;
				RUNTIME_EXCEPTION_DISABLE_EXECUTABLE_PAGE_PROTECTION = NO;
				RUNTIME_EXCEPTION_DISABLE_LIBRARY_VALIDATION = NO;
				STRING_CATALOG_GENERATE_SYMBOLS = YES;
				SWIFT_APPROACHABLE_CONCURRENCY = YES;
				SWIFT_DEFAULT_ACTOR_ISOLATION = MainActor;
				SWIFT_EMIT_LOC_STRINGS = YES;
				SWIFT_OBJC_BRIDGING_HEADER = "XboxControllerMapper/XboxControllerMapper-Bridging-Header.h";
				SWIFT_UPCOMING_FEATURE_MEMBER_IMPORT_VISIBILITY = YES;
				SWIFT_VERSION = 5.0;
			};
			name = Debug;
		};
		0AB89B812F01B1D400C32D31 /* Release */ = {
			isa = XCBuildConfiguration;
			buildSettings = {
				ASSETCATALOG_COMPILER_APPICON_NAME = AppIcon;
				ASSETCATALOG_COMPILER_GLOBAL_ACCENT_COLOR_NAME = AccentColor;
				ASSETCATALOG_COMPILER_INCLUDE_ALL_APPICON_ASSETS = YES;
				AUTOMATION_APPLE_EVENTS = NO;
				CODE_SIGN_STYLE = Automatic;
				COMBINE_HIDPI_IMAGES = YES;
				CURRENT_PROJECT_VERSION = 1;
				DEAD_CODE_STRIPPING = YES;
				DEVELOPMENT_TEAM = 542GXYT5Z2;
				ENABLE_APP_SANDBOX = NO;
				ENABLE_HARDENED_RUNTIME = NO;
				ENABLE_PREVIEWS = YES;
				ENABLE_RESOURCE_ACCESS_AUDIO_INPUT = NO;
				ENABLE_RESOURCE_ACCESS_CALENDARS = NO;
				ENABLE_RESOURCE_ACCESS_CAMERA = NO;
				ENABLE_RESOURCE_ACCESS_CONTACTS = NO;
				ENABLE_RESOURCE_ACCESS_LOCATION = NO;
				ENABLE_RESOURCE_ACCESS_PHOTO_LIBRARY = NO;
				GENERATE_INFOPLIST_FILE = YES;
				INFOPLIST_FILE = XboxControllerMapper/Info.plist;
				INFOPLIST_KEY_CFBundleDisplayName = ControllerKeys;
				INFOPLIST_KEY_GCSupportsControllerUserInteraction = YES;
				INFOPLIST_KEY_NSHumanReadableCopyright = "";
				LD_RUNPATH_SEARCH_PATHS = (
					"$(inherited)",
					"@executable_path/../Frameworks",
				);
				MACOSX_DEPLOYMENT_TARGET = 14.6;
				MARKETING_VERSION = 1.0;
				PRODUCT_BUNDLE_IDENTIFIER = KevinTang.XboxControllerMapper;
				PRODUCT_NAME = ControllerKeys;
				REGISTER_APP_GROUPS = YES;
				RUNTIME_EXCEPTION_ALLOW_DYLD_ENVIRONMENT_VARIABLES = NO;
				RUNTIME_EXCEPTION_ALLOW_JIT = NO;
				RUNTIME_EXCEPTION_ALLOW_UNSIGNED_EXECUTABLE_MEMORY = NO;
				RUNTIME_EXCEPTION_DEBUGGING_TOOL = NO;
				RUNTIME_EXCEPTION_DISABLE_EXECUTABLE_PAGE_PROTECTION = NO;
				RUNTIME_EXCEPTION_DISABLE_LIBRARY_VALIDATION = NO;
				STRING_CATALOG_GENERATE_SYMBOLS = YES;
				SWIFT_APPROACHABLE_CONCURRENCY = YES;
				SWIFT_DEFAULT_ACTOR_ISOLATION = MainActor;
				SWIFT_EMIT_LOC_STRINGS = YES;
				SWIFT_OBJC_BRIDGING_HEADER = "XboxControllerMapper/XboxControllerMapper-Bridging-Header.h";
				SWIFT_UPCOMING_FEATURE_MEMBER_IMPORT_VISIBILITY = YES;
				SWIFT_VERSION = 5.0;
			};
			name = Release;
		};
		0AB89B832F01B1D400C32D31 /* Debug */ = {
			isa = XCBuildConfiguration;
			buildSettings = {
				BUNDLE_LOADER = "$(TEST_HOST)";
				CODE_SIGN_STYLE = Automatic;
				CURRENT_PROJECT_VERSION = 1;
				DEAD_CODE_STRIPPING = YES;
				DEVELOPMENT_TEAM = 542GXYT5Z2;
				GENERATE_INFOPLIST_FILE = YES;
				MACOSX_DEPLOYMENT_TARGET = 26.1;
				MARKETING_VERSION = 1.0;
				PRODUCT_BUNDLE_IDENTIFIER = KevinTang.XboxControllerMapperTests;
				PRODUCT_NAME = "$(TARGET_NAME)";
				STRING_CATALOG_GENERATE_SYMBOLS = NO;
				SWIFT_APPROACHABLE_CONCURRENCY = YES;
				SWIFT_EMIT_LOC_STRINGS = NO;
				SWIFT_UPCOMING_FEATURE_MEMBER_IMPORT_VISIBILITY = YES;
				SWIFT_VERSION = 5.0;
				TEST_HOST = "$(BUILT_PRODUCTS_DIR)/ControllerKeys.app/$(BUNDLE_EXECUTABLE_FOLDER_PATH)/ControllerKeys";
			};
			name = Debug;
		};
		0AB89B842F01B1D400C32D31 /* Release */ = {
			isa = XCBuildConfiguration;
			buildSettings = {
				BUNDLE_LOADER = "$(TEST_HOST)";
				CODE_SIGN_STYLE = Automatic;
				CURRENT_PROJECT_VERSION = 1;
				DEAD_CODE_STRIPPING = YES;
				DEVELOPMENT_TEAM = 542GXYT5Z2;
				GENERATE_INFOPLIST_FILE = YES;
				MACOSX_DEPLOYMENT_TARGET = 26.1;
				MARKETING_VERSION = 1.0;
				PRODUCT_BUNDLE_IDENTIFIER = KevinTang.XboxControllerMapperTests;
				PRODUCT_NAME = "$(TARGET_NAME)";
				STRING_CATALOG_GENERATE_SYMBOLS = NO;
				SWIFT_APPROACHABLE_CONCURRENCY = YES;
				SWIFT_EMIT_LOC_STRINGS = NO;
				SWIFT_UPCOMING_FEATURE_MEMBER_IMPORT_VISIBILITY = YES;
				SWIFT_VERSION = 5.0;
				TEST_HOST = "$(BUILT_PRODUCTS_DIR)/ControllerKeys.app/$(BUNDLE_EXECUTABLE_FOLDER_PATH)/ControllerKeys";
			};
			name = Release;
		};
		0AB89B862F01B1D400C32D31 /* Debug */ = {
			isa = XCBuildConfiguration;
			buildSettings = {
				CODE_SIGN_STYLE = Automatic;
				CURRENT_PROJECT_VERSION = 1;
				DEAD_CODE_STRIPPING = YES;
				DEVELOPMENT_TEAM = 542GXYT5Z2;
				GENERATE_INFOPLIST_FILE = YES;
				MARKETING_VERSION = 1.0;
				PRODUCT_BUNDLE_IDENTIFIER = KevinTang.XboxControllerMapperUITests;
				PRODUCT_NAME = "$(TARGET_NAME)";
				STRING_CATALOG_GENERATE_SYMBOLS = NO;
				SWIFT_APPROACHABLE_CONCURRENCY = YES;
				SWIFT_EMIT_LOC_STRINGS = NO;
				SWIFT_UPCOMING_FEATURE_MEMBER_IMPORT_VISIBILITY = YES;
				SWIFT_VERSION = 5.0;
				TEST_TARGET_NAME = XboxControllerMapper;
			};
			name = Debug;
		};
		0AB89B872F01B1D400C32D31 /* Release */ = {
			isa = XCBuildConfiguration;
			buildSettings = {
				CODE_SIGN_STYLE = Automatic;
				CURRENT_PROJECT_VERSION = 1;
				DEAD_CODE_STRIPPING = YES;
				DEVELOPMENT_TEAM = 542GXYT5Z2;
				GENERATE_INFOPLIST_FILE = YES;
				MARKETING_VERSION = 1.0;
				PRODUCT_BUNDLE_IDENTIFIER = KevinTang.XboxControllerMapperUITests;
				PRODUCT_NAME = "$(TARGET_NAME)";
				STRING_CATALOG_GENERATE_SYMBOLS = NO;
				SWIFT_APPROACHABLE_CONCURRENCY = YES;
				SWIFT_EMIT_LOC_STRINGS = NO;
				SWIFT_UPCOMING_FEATURE_MEMBER_IMPORT_VISIBILITY = YES;
				SWIFT_VERSION = 5.0;
				TEST_TARGET_NAME = XboxControllerMapper;
			};
			name = Release;
		};
/* End XCBuildConfiguration section */

/* Begin XCConfigurationList section */
		0AB89B592F01B1D200C32D31 /* Build configuration list for PBXProject "XboxControllerMapper" */ = {
			isa = XCConfigurationList;
			buildConfigurations = (
				0AB89B7D2F01B1D400C32D31 /* Debug */,
				0AB89B7E2F01B1D400C32D31 /* Release */,
			);
			defaultConfigurationIsVisible = 0;
			defaultConfigurationName = Release;
		};
		0AB89B7F2F01B1D400C32D31 /* Build configuration list for PBXNativeTarget "XboxControllerMapper" */ = {
			isa = XCConfigurationList;
			buildConfigurations = (
				0AB89B802F01B1D400C32D31 /* Debug */,
				0AB89B812F01B1D400C32D31 /* Release */,
			);
			defaultConfigurationIsVisible = 0;
			defaultConfigurationName = Release;
		};
		0AB89B822F01B1D400C32D31 /* Build configuration list for PBXNativeTarget "XboxControllerMapperTests" */ = {
			isa = XCConfigurationList;
			buildConfigurations = (
				0AB89B832F01B1D400C32D31 /* Debug */,
				0AB89B842F01B1D400C32D31 /* Release */,
			);
			defaultConfigurationIsVisible = 0;
			defaultConfigurationName = Release;
		};
		0AB89B852F01B1D400C32D31 /* Build configuration list for PBXNativeTarget "XboxControllerMapperUITests" */ = {
			isa = XCConfigurationList;
			buildConfigurations = (
				0AB89B862F01B1D400C32D31 /* Debug */,
				0AB89B872F01B1D400C32D31 /* Release */,
			);
			defaultConfigurationIsVisible = 0;
			defaultConfigurationName = Release;
		};
/* End XCConfigurationList section */
	};
	rootObject = 0AB89B562F01B1D200C32D31 /* Project object */;
}
